
Microsoft Visual Studio Solution File, Format Version 12.00
# Visual Studio 2013
VisualStudioVersion = 12.0.30501.0
MinimumVisualStudioVersion = 10.0.40219.1
Project("{FAE04EC0-301F-11D3-BF4B-00C04F79EFBC}") = "SmartFinger", "SmartFinger\SmartFinger.csproj", "{37022A24-F696-4D69-916B-AA233782ABF1}"
EndProject
Global
	GlobalSection(SolutionConfigurationPlatforms) = preSolution
		Debug|Any CPU = Debug|Any CPU
		Release|Any CPU = Release|Any CPU
	EndGlobalSection
	GlobalSection(ProjectConfigurationPlatforms) = postSolution
		{37022A24-F696-4D69-916B-AA233782ABF1}.Debug|Any CPU.ActiveCfg = Debug|Any CPU
		{37022A24-F696-4D69-916B-AA233782ABF1}.Debug|Any CPU.Build.0 = Debug|Any CPU
		{37022A24-F696-4D69-916B-AA233782ABF1}.Release|Any CPU.ActiveCfg = Release|Any CPU
		{37022A24-F696-4D69-916B-AA233782ABF1}.Release|Any CPU.Build.0 = Release|Any CPU
	EndGlobalSection
	GlobalSection(SolutionProperties) = preSolution
		HideSolutionNode = FALSE
	EndGlobalSection
EndGlobal
